{
  "name": "checkout-page-master",
  "version": "1.0.0",
  "lockfileVersion": 1,
  "requires": true,
  "dependencies": {
    "@mdi/font": {
      "version": "6.5.95",
      "resolved": "https://registry.npmjs.org/@mdi/font/-/font-6.5.95.tgz",
      "integrity": "sha512-ES5rj6J39FUkHe/b3C9SJs8bqIungYhuU7rBINTBaHOv/Ce4RCb3Gw08CZVl32W33UEkgRkzyWaIedV4at+QHg=="
    },
    "material-design-icons": {
      "version": "3.0.1",
      "resolved": "https://registry.npmjs.org/material-design-icons/-/material-design-icons-3.0.1.tgz",
      "integrity": "sha1-mnHEh0chjrylHlGmbaaCA4zct78="
    }
  }
}
